
Microsoft Visual Studio Solution File, Format Version 12.00
Project("{FAE04EC0-301F-11D3-BF4B-00C04F79EFBC}") = "InfSecWeb", "InfSecWeb\InfSecWeb.csproj", "{A38B4DBA-FF78-4ABC-972A-46B16FB8BAD9}"
EndProject
Global
	GlobalSection(SolutionConfigurationPlatforms) = preSolution
		Debug|Any CPU = Debug|Any CPU
		Release|Any CPU = Release|Any CPU
	EndGlobalSection
	GlobalSection(ProjectConfigurationPlatforms) = postSolution
		{A38B4DBA-FF78-4ABC-972A-46B16FB8BAD9}.Debug|Any CPU.ActiveCfg = Debug|Any CPU
		{A38B4DBA-FF78-4ABC-972A-46B16FB8BAD9}.Debug|Any CPU.Build.0 = Debug|Any CPU
		{A38B4DBA-FF78-4ABC-972A-46B16FB8BAD9}.Release|Any CPU.ActiveCfg = Release|Any CPU
		{A38B4DBA-FF78-4ABC-972A-46B16FB8BAD9}.Release|Any CPU.Build.0 = Release|Any CPU
	EndGlobalSection
EndGlobal
